// !$*UTF8*$!
{
	archiveVersion = 1;
	classes = {
	};
	objectVersion = 50;
	objects = {

/* Begin PBXBuildFile section */
		3E04E65F2351B691005E07B8 /* AppDelegate.swift in Sources */ = {isa = PBXBuildFile; fileRef = 3E04E65E2351B691005E07B8 /* AppDelegate.swift */; };
		3E04E6612351B691005E07B8 /* SceneDelegate.swift in Sources */ = {isa = PBXBuildFile; fileRef = 3E04E6602351B691005E07B8 /* SceneDelegate.swift */; };
		3E04E6662351B691005E07B8 /* Main.storyboard in Resources */ = {isa = PBXBuildFile; fileRef = 3E04E6642351B691005E07B8 /* Main.storyboard */; };
		3E04E6682351B692005E07B8 /* Assets.xcassets in Resources */ = {isa = PBXBuildFile; fileRef = 3E04E6672351B692005E07B8 /* Assets.xcassets */; };
		3E04E66B2351B692005E07B8 /* LaunchScreen.storyboard in Resources */ = {isa = PBXBuildFile; fileRef = 3E04E6692351B692005E07B8 /* LaunchScreen.storyboard */; };
		3E0DC1D22351BA4700AA4F04 /* TableViewController.swift in Sources */ = {isa = PBXBuildFile; fileRef = 3E0DC1D12351BA4700AA4F04 /* TableViewController.swift */; };
		3E0DC1D42351BAC400AA4F04 /* CustomTableViewCell.swift in Sources */ = {isa = PBXBuildFile; fileRef = 3E0DC1D32351BAC400AA4F04 /* CustomTableViewCell.swift */; };
		3E0DC1D62351C09700AA4F04 /* CarModel.swift in Sources */ = {isa = PBXBuildFile; fileRef = 3E0DC1D52351C09700AA4F04 /* CarModel.swift */; };
/* End PBXBuildFile section */

/* Begin PBXFileReference section */
		3E04E65B2351B691005E07B8 /* cars.app */ = {isa = PBXFileReference; explicitFileType = wrapper.application; includeInIndex = 0; path = cars.app; sourceTree = BUILT_PRODUCTS_DIR; };
		3E04E65E2351B691005E07B8 /* AppDelegate.swift */ = {isa = PBXFileReference; lastKnownFileType = sourcecode.swift; path = AppDelegate.swift; sourceTree = "<group>"; };
		3E04E6602351B691005E07B8 /* SceneDelegate.swift */ = {isa = PBXFileReference; lastKnownFileType = sourcecode.swift; path = SceneDelegate.swift; sourceTree = "<group>"; };
		3E04E6652351B691005E07B8 /* Base */ = {isa = PBXFileReference; lastKnownFileType = file.storyboard; name = Base; path = Base.lproj/Main.storyboard; sourceTree = "<group>"; };
		3E04E6672351B692005E07B8 /* Assets.xcassets */ = {isa = PBXFileReference; lastKnownFileType = folder.assetcatalog; path = Assets.xcassets; sourceTree = "<group>"; };
		3E04E66A2351B692005E07B8 /* Base */ = {isa = PBXFileReference; lastKnownFileType = file.storyboard; name = Base; path = Base.lproj/LaunchScreen.storyboard; sourceTree = "<group>"; };
		3E04E66C2351B692005E07B8 /* Info.plist */ = {isa = PBXFileReference; lastKnownFileType = text.plist.xml; path = Info.plist; sourceTree = "<group>"; };
		3E0DC1D12351BA4700AA4F04 /* TableViewController.swift */ = {isa = PBXFileReference; lastKnownFileType = sourcecode.swift; path = TableViewController.swift; sourceTree = "<group>"; };
		3E0DC1D32351BAC400AA4F04 /* CustomTableViewCell.swift */ = {isa = PBXFileReference; lastKnownFileType = sourcecode.swift; path = CustomTableViewCell.swift; sourceTree = "<group>"; };
		3E0DC1D52351C09700AA4F04 /* CarModel.swift */ = {isa = PBXFileReference; lastKnownFileType = sourcecode.swift; path = CarModel.swift; sourceTree = "<group>"; };
/* End PBXFileReference section */

/* Begin PBXFrameworksBuildPhase section */
		3E04E6582351B691005E07B8 /* Frameworks */ = {
			isa = PBXFrameworksBuildPhase;
			buildActionMask = 2147483647;
			files = (
			);
			runOnlyForDeploymentPostprocessing = 0;
		};
/* End PBXFrameworksBuildPhase section */

/* Begin PBXGroup section */
		3E04E6522351B691005E07B8 = {
			isa = PBXGroup;
			children = (
				3E04E65D2351B691005E07B8 /* cars */,
				3E04E65C2351B691005E07B8 /* Products */,
			);
			sourceTree = "<group>";
		};
		3E04E65C2351B691005E07B8 /* Products */ = {
			isa = PBXGroup;
			children = (
				3E04E65B2351B691005E07B8 /* cars.app */,
			);
			name = Products;
			sourceTree = "<group>";
		};
		3E04E65D2351B691005E07B8 /* cars */ = {
			isa = PBXGroup;
			children = (
				3E04E65E2351B691005E07B8 /* AppDelegate.swift */,
				3E04E6602351B691005E07B8 /* SceneDelegate.swift */,
				3E04E6642351B691005E07B8 /* Main.storyboard */,
				3E04E6672351B692005E07B8 /* Assets.xcassets */,
				3E04E6692351B692005E07B8 /* LaunchScreen.storyboard */,
				3E0DC1D12351BA4700AA4F04 /* TableViewController.swift */,
				3E0DC1D52351C09700AA4F04 /* CarModel.swift */,
				3E0DC1D32351BAC400AA4F04 /* CustomTableViewCell.swift */,
				3E04E66C2351B692005E07B8 /* Info.plist */,
			);
			path = cars;
			sourceTree = "<group>";
		};
/* End PBXGroup section */

/* Begin PBXNativeTarget section */
		3E04E65A2351B691005E07B8 /* cars */ = {
			isa = PBXNativeTarget;
			buildConfigurationList = 3E04E66F2351B692005E07B8 /* Build configuration list for PBXNativeTarget "cars" */;
			buildPhases = (
				3E04E6572351B691005E07B8 /* Sources */,
				3E04E6582351B691005E07B8 /* Frameworks */,
				3E04E6592351B691005E07B8 /* Resources */,
			);
			buildRules = (
			);
			dependencies = (
			);
			name = cars;
			productName = cars;
			productReference = 3E04E65B2351B691005E07B8 /* cars.app */;
			productType = "com.apple.product-type.application";
		};
/* End PBXNativeTarget section */

/* Begin PBXProject section */
		3E04E6532351B691005E07B8 /* Project object */ = {
			isa = PBXProject;
			attributes = {
				LastSwiftUpdateCheck = 1110;
				LastUpgradeCheck = 1110;
				ORGANIZATIONNAME = "yauheni prakapenka";
				TargetAttributes = {
					3E04E65A2351B691005E07B8 = {
						CreatedOnToolsVersion = 11.1;
					};
				};
			};
			buildConfigurationList = 3E04E6562351B691005E07B8 /* Build configuration list for PBXProject "cars" */;
			compatibilityVersion = "Xcode 9.3";
			developmentRegion = en;
			hasScannedForEncodings = 0;
			knownRegions = (
				en,
				Base,
			);
			mainGroup = 3E04E6522351B691005E07B8;
			productRefGroup = 3E04E65C2351B691005E07B8 /* Products */;
			projectDirPath = "";
			projectRoot = "";
			targets = (
				3E04E65A2351B691005E07B8 /* cars */,
			);
		};
/* End PBXProject section */

/* Begin PBXResourcesBuildPhase section */
		3E04E6592351B691005E07B8 /* Resources */ = {
			isa = PBXResourcesBuildPhase;
			buildActionMask = 2147483647;
			files = (
				3E04E66B2351B692005E07B8 /* LaunchScreen.storyboard in Resources */,
				3E04E6682351B692005E07B8 /* Assets.xcassets in Resources */,
				3E04E6662351B691005E07B8 /* Main.storyboard in Resources */,
			);
			runOnlyForDeploymentPostprocessing = 0;
		};
/* End PBXResourcesBuildPhase section */

/* Begin PBXSourcesBuildPhase section */
		3E04E6572351B691005E07B8 /* Sources */ = {
			isa = PBXSourcesBuildPhase;
			buildActionMask = 2147483647;
			files = (
				3E04E65F2351B691005E07B8 /* AppDelegate.swift in Sources */,
				3E0DC1D62351C09700AA4F04 /* CarModel.swift in Sources */,
				3E0DC1D42351BAC400AA4F04 /* CustomTableViewCell.swift in Sources */,
				3E0DC1D22351BA4700AA4F04 /* TableViewController.swift in Sources */,
				3E04E6612351B691005E07B8 /* SceneDelegate.swift in Sources */,
			);
			runOnlyForDeploymentPostprocessing = 0;
		};
/* End PBXSourcesBuildPhase section */

/* Begin PBXVariantGroup section */
		3E04E6642351B691005E07B8 /* Main.storyboard */ = {
			isa = PBXVariantGroup;
			children = (
				3E04E6652351B691005E07B8 /* Base */,
			);
			name = Main.storyboard;
			sourceTree = "<group>";
		};
		3E04E6692351B692005E07B8 /* LaunchScreen.storyboard */ = {
			isa = PBXVariantGroup;
			children = (
				3E04E66A2351B692005E07B8 /* Base */,
			);
			name = LaunchScreen.storyboard;
			sourceTree = "<group>";
		};
/* End PBXVariantGroup section */

/* Begin XCBuildConfiguration section */
		3E04E66D2351B692005E07B8 /* Debug */ = {
			isa = XCBuildConfiguration;
			buildSettings = {
				ALWAYS_SEARCH_USER_PATHS = NO;
				CLANG_ANALYZER_NONNULL = YES;
				CLANG_ANALYZER_NUMBER_OBJECT_CONVERSION = YES_AGGRESSIVE;
				CLANG_CXX_LANGUAGE_STANDARD = "gnu++14";
				CLANG_CXX_LIBRARY = "libc++";
				CLANG_ENABLE_MODULES = YES;
				CLANG_ENABLE_OBJC_ARC = YES;
				CLANG_ENABLE_OBJC_WEAK = YES;
				CLANG_WARN_BLOCK_CAPTURE_AUTORELEASING = YES;
				CLANG_WARN_BOOL_CONVERSION = YES;
				CLANG_WARN_COMMA = YES;
				CLANG_WARN_CONSTANT_CONVERSION = YES;
				CLANG_WARN_DEPRECATED_OBJC_IMPLEMENTATIONS = YES;
				CLANG_WARN_DIRECT_OBJC_ISA_USAGE = YES_ERROR;
				CLANG_WARN_DOCUMENTATION_COMMENTS = YES;
				CLANG_WARN_EMPTY_BODY = YES;
				CLANG_WARN_ENUM_CONVERSION = YES;
				CLANG_WARN_INFINITE_RECURSION = YES;
				CLANG_WARN_INT_CONVERSION = YES;
				CLANG_WARN_NON_LITERAL_NULL_CONVERSION = YES;
				CLANG_WARN_OBJC_IMPLICIT_RETAIN_SELF = YES;
				CLANG_WARN_OBJC_LITERAL_CONVERSION = YES;
				CLANG_WARN_OBJC_ROOT_CLASS = YES_ERROR;
				CLANG_WARN_RANGE_LOOP_ANALYSIS = YES;
				CLANG_WARN_STRICT_PROTOTYPES = YES;
				CLANG_WARN_SUSPICIOUS_MOVE = YES;
				CLANG_WARN_UNGUARDED_AVAILABILITY = YES_AGGRESSIVE;
				CLANG_WARN_UNREACHABLE_CODE = YES;
				CLANG_WARN__DUPLICATE_METHOD_MATCH = YES;
				COPY_PHASE_STRIP = NO;
				DEBUG_INFORMATION_FORMAT = dwarf;
				ENABLE_STRICT_OBJC_MSGSEND = YES;
				ENABLE_TESTABILITY = YES;
				GCC_C_LANGUAGE_STANDARD = gnu11;
				GCC_DYNAMIC_NO_PIC = NO;
				GCC_NO_COMMON_BLOCKS = YES;
				GCC_OPTIMIZATION_LEVEL = 0;
				GCC_PREPROCESSOR_DEFINITIONS = (
					"DEBUG=1",
					"$(inherited)",
				);
				GCC_WARN_64_TO_32_BIT_CONVERSION = YES;
				GCC_WARN_ABOUT_RETURN_TYPE = YES_ERROR;
				GCC_WARN_UNDECLARED_SELECTOR = YES;
				GCC_WARN_UNINITIALIZED_AUTOS = YES_AGGRESSIVE;
				GCC_WARN_UNUSED_FUNCTION = YES;
				GCC_WARN_UNUSED_VARIABLE = YES;
				IPHONEOS_DEPLOYMENT_TARGET = 13.1;
				MTL_ENABLE_DEBUG_INFO = INCLUDE_SOURCE;
				MTL_FAST_MATH = YES;
				ONLY_ACTIVE_ARCH = YES;
				SDKROOT = iphoneos;
				SWIFT_ACTIVE_COMPILATION_CONDITIONS = DEBUG;
				SWIFT_OPTIMIZATION_LEVEL = "-Onone";
			};
			name = Debug;
		};
		3E04E66E2351B692005E07B8 /* Release */ = {
			isa = XCBuildConfiguration;
			buildSettings = {
				ALWAYS_SEARCH_USER_PATHS = NO;
				CLANG_ANALYZER_NONNULL = YES;
				CLANG_ANALYZER_NUMBER_OBJECT_CONVERSION = YES_AGGRESSIVE;
				CLANG_CXX_LANGUAGE_STANDARD = "gnu++14";
				CLANG_CXX_LIBRARY = "libc++";
				CLANG_ENABLE_MODULES = YES;
				CLANG_ENABLE_OBJC_ARC = YES;
				CLANG_ENABLE_OBJC_WEAK = YES;
				CLANG_WARN_BLOCK_CAPTURE_AUTORELEASING = YES;
				CLANG_WARN_BOOL_CONVERSION = YES;
				CLANG_WARN_COMMA = YES;
				CLANG_WARN_CONSTANT_CONVERSION = YES;
				CLANG_WARN_DEPRECATED_OBJC_IMPLEMENTATIONS = YES;
				CLANG_WARN_DIRECT_OBJC_ISA_USAGE = YES_ERROR;
				CLANG_WARN_DOCUMENTATION_COMMENTS = YES;
				CLANG_WARN_EMPTY_BODY = YES;
				CLANG_WARN_ENUM_CONVERSION = YES;
				CLANG_WARN_INFINITE_RECURSION = YES;
				CLANG_WARN_INT_CONVERSION = YES;
				CLANG_WARN_NON_LITERAL_NULL_CONVERSION = YES;
				CLANG_WARN_OBJC_IMPLICIT_RETAIN_SELF = YES;
				CLANG_WARN_OBJC_LITERAL_CONVERSION = YES;
				CLANG_WARN_OBJC_ROOT_CLASS = YES_ERROR;
				CLANG_WARN_RANGE_LOOP_ANALYSIS = YES;
				CLANG_WARN_STRICT_PROTOTYPES = YES;
				CLANG_WARN_SUSPICIOUS_MOVE = YES;
				CLANG_WARN_UNGUARDED_AVAILABILITY = YES_AGGRESSIVE;
				CLANG_WARN_UNREACHABLE_CODE = YES;
				CLANG_WARN__DUPLICATE_METHOD_MATCH = YES;
				COPY_PHASE_STRIP = NO;
				DEBUG_INFORMATION_FORMAT = "dwarf-with-dsym";
				ENABLE_NS_ASSERTIONS = NO;
				ENABLE_STRICT_OBJC_MSGSEND = YES;
				GCC_C_LANGUAGE_STANDARD = gnu11;
				GCC_NO_COMMON_BLOCKS = YES;
				GCC_WARN_64_TO_32_BIT_CONVERSION = YES;
				GCC_WARN_ABOUT_RETURN_TYPE = YES_ERROR;
				GCC_WARN_UNDECLARED_SELECTOR = YES;
				GCC_WARN_UNINITIALIZED_AUTOS = YES_AGGRESSIVE;
				GCC_WARN_UNUSED_FUNCTION = YES;
				GCC_WARN_UNUSED_VARIABLE = YES;
				IPHONEOS_DEPLOYMENT_TARGET = 13.1;
				MTL_ENABLE_DEBUG_INFO = NO;
				MTL_FAST_MATH = YES;
				SDKROOT = iphoneos;
				SWIFT_COMPILATION_MODE = wholemodule;
				SWIFT_OPTIMIZATION_LEVEL = "-O";
				VALIDATE_PRODUCT = YES;
			};
			name = Release;
		};
		3E04E6702351B692005E07B8 /* Debug */ = {
			isa = XCBuildConfiguration;
			buildSettings = {
				ASSETCATALOG_COMPILER_APPICON_NAME = AppIcon;
				CODE_SIGN_STYLE = Automatic;
				DEVELOPMENT_TEAM = 2H6CKN6S5G;
				INFOPLIST_FILE = cars/Info.plist;
				IPHONEOS_DEPLOYMENT_TARGET = 13.0;
				LD_RUNPATH_SEARCH_PATHS = (
					"$(inherited)",
					"@executable_path/Frameworks",
				);
				PRODUCT_BUNDLE_IDENTIFIER = com.yauheniprakapenka.cars;
				PRODUCT_NAME = "$(TARGET_NAME)";
				SWIFT_VERSION = 5.0;
				TARGETED_DEVICE_FAMILY = 1;
			};
			name = Debug;
		};
		3E04E6712351B692005E07B8 /* Release */ = {
			isa = XCBuildConfiguration;
			buildSettings = {
				ASSETCATALOG_COMPILER_APPICON_NAME = AppIcon;
				CODE_SIGN_STYLE = Automatic;
				DEVELOPMENT_TEAM = 2H6CKN6S5G;
				INFOPLIST_FILE = cars/Info.plist;
				IPHONEOS_DEPLOYMENT_TARGET = 13.0;
				LD_RUNPATH_SEARCH_PATHS = (
					"$(inherited)",
					"@executable_path/Frameworks",
				);
				PRODUCT_BUNDLE_IDENTIFIER = com.yauheniprakapenka.cars;
				PRODUCT_NAME = "$(TARGET_NAME)";
				SWIFT_VERSION = 5.0;
				TARGETED_DEVICE_FAMILY = 1;
			};
			name = Release;
		};
/* End XCBuildConfiguration section */

/* Begin XCConfigurationList section */
		3E04E6562351B691005E07B8 /* Build configuration list for PBXProject "cars" */ = {
			isa = XCConfigurationList;
			buildConfigurations = (
				3E04E66D2351B692005E07B8 /* Debug */,
				3E04E66E2351B692005E07B8 /* Release */,
			);
			defaultConfigurationIsVisible = 0;
			defaultConfigurationName = Release;
		};
		3E04E66F2351B692005E07B8 /* Build configuration list for PBXNativeTarget "cars" */ = {
			isa = XCConfigurationList;
			buildConfigurations = (
				3E04E6702351B692005E07B8 /* Debug */,
				3E04E6712351B692005E07B8 /* Release */,
			);
			defaultConfigurationIsVisible = 0;
			defaultConfigurationName = Release;
		};
/* End XCConfigurationList section */
	};
	rootObject = 3E04E6532351B691005E07B8 /* Project object */;
}
